// !$*UTF8*$!
{
	archiveVersion = 1;
	classes = {
	};
	objectVersion = 46;
	objects = {

/* Begin PBXBuildFile section */
		6E6F1FE11A7CC29900E93A2F /* WriteValeController.m in Sources */ = {isa = PBXBuildFile; fileRef = 6E6F1FE01A7CC29900E93A2F /* WriteValeController.m */; };
		6E6F1FE61A7DBA0300E93A2F /* snare.wav in Resources */ = {isa = PBXBuildFile; fileRef = 6E6F1FE51A7DBA0300E93A2F /* snare.wav */; };
		6ECEBD351A3DD029005A9250 /* main.m in Sources */ = {isa = PBXBuildFile; fileRef = 6ECEBD341A3DD029005A9250 /* main.m */; };
		6ECEBD381A3DD029005A9250 /* AppDelegate.mm in Sources */ = {isa = PBXBuildFile; fileRef = 6ECEBD371A3DD029005A9250 /* AppDelegate.mm */; };
		6ECEBD3E1A3DD029005A9250 /* Main.storyboard in Resources */ = {isa = PBXBuildFile; fileRef = 6ECEBD3C1A3DD029005A9250 /* Main.storyboard */; };
		6ECEBD401A3DD029005A9250 /* Images.xcassets in Resources */ = {isa = PBXBuildFile; fileRef = 6ECEBD3F1A3DD029005A9250 /* Images.xcassets */; };
		6ECEBD431A3DD029005A9250 /* LaunchScreen.xib in Resources */ = {isa = PBXBuildFile; fileRef = 6ECEBD411A3DD029005A9250 /* LaunchScreen.xib */; };
		6ECEBD4F1A3DD029005A9250 /* MIDIDemoTests.m in Sources */ = {isa = PBXBuildFile; fileRef = 6ECEBD4E1A3DD029005A9250 /* MIDIDemoTests.m */; };
		6ECEBD5E1A3DDB50005A9250 /* CoreMIDI.framework in Frameworks */ = {isa = PBXBuildFile; fileRef = 6ECEBD5D1A3DDB50005A9250 /* CoreMIDI.framework */; };
		6ED075DF1A751A0A00DEC1FD /* gm.dls in Resources */ = {isa = PBXBuildFile; fileRef = 6ED075DE1A751A0A00DEC1FD /* gm.dls */; };
		6ED075E11A751F6200DEC1FD /* AVFoundation.framework in Frameworks */ = {isa = PBXBuildFile; fileRef = 6ED075E01A751F6200DEC1FD /* AVFoundation.framework */; };
		6ED424571A73DE2C00CD0C08 /* PlayMIDI.mm in Sources */ = {isa = PBXBuildFile; fileRef = 6ED424561A73DE2C00CD0C08 /* PlayMIDI.mm */; };
		6ED424711A7498B400CD0C08 /* fpc_DrumAndBass_1.mid in Resources */ = {isa = PBXBuildFile; fileRef = 6ED424591A7498B400CD0C08 /* fpc_DrumAndBass_1.mid */; };
		6ED424721A7498B400CD0C08 /* fpc_DrumAndBass_2.mid in Resources */ = {isa = PBXBuildFile; fileRef = 6ED4245A1A7498B400CD0C08 /* fpc_DrumAndBass_2.mid */; };
		6ED424731A7498B400CD0C08 /* fpc_DrumAndBass_3.mid in Resources */ = {isa = PBXBuildFile; fileRef = 6ED4245B1A7498B400CD0C08 /* fpc_DrumAndBass_3.mid */; };
		6ED424741A7498B400CD0C08 /* fpc_DrumAndBass_4.mid in Resources */ = {isa = PBXBuildFile; fileRef = 6ED4245C1A7498B400CD0C08 /* fpc_DrumAndBass_4.mid */; };
		6ED424751A7498B400CD0C08 /* fpc_DrumAndBass_5.mid in Resources */ = {isa = PBXBuildFile; fileRef = 6ED4245D1A7498B400CD0C08 /* fpc_DrumAndBass_5.mid */; };
		6ED424761A7498B400CD0C08 /* fpc_DrumAndBass_6.mid in Resources */ = {isa = PBXBuildFile; fileRef = 6ED4245E1A7498B400CD0C08 /* fpc_DrumAndBass_6.mid */; };
		6ED424771A7498B400CD0C08 /* fpc_DrumAndBass_7.mid in Resources */ = {isa = PBXBuildFile; fileRef = 6ED4245F1A7498B400CD0C08 /* fpc_DrumAndBass_7.mid */; };
		6ED424781A7498B400CD0C08 /* fpc_DrumAndBass_8.mid in Resources */ = {isa = PBXBuildFile; fileRef = 6ED424601A7498B400CD0C08 /* fpc_DrumAndBass_8.mid */; };
		6ED424791A7498B400CD0C08 /* fpc_DrumAndBass_9.mid in Resources */ = {isa = PBXBuildFile; fileRef = 6ED424611A7498B400CD0C08 /* fpc_DrumAndBass_9.mid */; };
		6ED4247A1A7498B400CD0C08 /* fpc_DrumAndBass_10.mid in Resources */ = {isa = PBXBuildFile; fileRef = 6ED424621A7498B400CD0C08 /* fpc_DrumAndBass_10.mid */; };
		6ED4247B1A7498B400CD0C08 /* fpc_DrumAndBass_11.mid in Resources */ = {isa = PBXBuildFile; fileRef = 6ED424631A7498B400CD0C08 /* fpc_DrumAndBass_11.mid */; };
		6ED4247C1A7498B400CD0C08 /* fpc_DrumAndBass_12.mid in Resources */ = {isa = PBXBuildFile; fileRef = 6ED424641A7498B400CD0C08 /* fpc_DrumAndBass_12.mid */; };
		6ED4247D1A7498B400CD0C08 /* fpc_DrumAndBass_13.mid in Resources */ = {isa = PBXBuildFile; fileRef = 6ED424651A7498B400CD0C08 /* fpc_DrumAndBass_13.mid */; };
		6ED4247E1A7498B400CD0C08 /* fpc_DrumAndBass_14.mid in Resources */ = {isa = PBXBuildFile; fileRef = 6ED424661A7498B400CD0C08 /* fpc_DrumAndBass_14.mid */; };
		6ED4247F1A7498B400CD0C08 /* fpc_DrumAndBass_15.mid in Resources */ = {isa = PBXBuildFile; fileRef = 6ED424671A7498B400CD0C08 /* fpc_DrumAndBass_15.mid */; };
		6ED424801A7498B400CD0C08 /* fpc_DrumAndBass_16.mid in Resources */ = {isa = PBXBuildFile; fileRef = 6ED424681A7498B400CD0C08 /* fpc_DrumAndBass_16.mid */; };
		6ED424811A7498B400CD0C08 /* fpc_DrumAndBass_17.mid in Resources */ = {isa = PBXBuildFile; fileRef = 6ED424691A7498B400CD0C08 /* fpc_DrumAndBass_17.mid */; };
		6ED424821A7498B400CD0C08 /* fpc_DrumAndBass_18.mid in Resources */ = {isa = PBXBuildFile; fileRef = 6ED4246A1A7498B400CD0C08 /* fpc_DrumAndBass_18.mid */; };
		6ED424831A7498B400CD0C08 /* fpc_DrumAndBass_19.mid in Resources */ = {isa = PBXBuildFile; fileRef = 6ED4246B1A7498B400CD0C08 /* fpc_DrumAndBass_19.mid */; };
		6ED424841A7498B400CD0C08 /* fpc_DrumAndBass_20.mid in Resources */ = {isa = PBXBuildFile; fileRef = 6ED4246C1A7498B400CD0C08 /* fpc_DrumAndBass_20.mid */; };
		6ED424851A7498B400CD0C08 /* fpc_DrumAndBass_21.mid in Resources */ = {isa = PBXBuildFile; fileRef = 6ED4246D1A7498B400CD0C08 /* fpc_DrumAndBass_21.mid */; };
		6ED424861A7498B400CD0C08 /* fpc_DrumAndBass_22.mid in Resources */ = {isa = PBXBuildFile; fileRef = 6ED4246E1A7498B400CD0C08 /* fpc_DrumAndBass_22.mid */; };
		6ED424871A7498B400CD0C08 /* fpc_DrumAndBass_23.mid in Resources */ = {isa = PBXBuildFile; fileRef = 6ED4246F1A7498B400CD0C08 /* fpc_DrumAndBass_23.mid */; };
		6ED424881A7498B400CD0C08 /* fpc_DrumAndBass_24.mid in Resources */ = {isa = PBXBuildFile; fileRef = 6ED424701A7498B400CD0C08 /* fpc_DrumAndBass_24.mid */; };
		6EE06D7E1A61161C003CDF38 /* ChooseHardWareController.m in Sources */ = {isa = PBXBuildFile; fileRef = 6EE06D7D1A61161C003CDF38 /* ChooseHardWareController.m */; };
		6EE06D811A6116CD003CDF38 /* SimulatorHardWareController.m in Sources */ = {isa = PBXBuildFile; fileRef = 6EE06D801A6116CD003CDF38 /* SimulatorHardWareController.m */; };
		6EE06D841A611A36003CDF38 /* ChoosePlayerController.m in Sources */ = {isa = PBXBuildFile; fileRef = 6EE06D831A611A36003CDF38 /* ChoosePlayerController.m */; };
		6EE06D871A611CA3003CDF38 /* CommunicationController.m in Sources */ = {isa = PBXBuildFile; fileRef = 6EE06D861A611CA3003CDF38 /* CommunicationController.m */; };
		6EE2F3211A7275EC004E4680 /* libfmod_iphoneos.a in Frameworks */ = {isa = PBXBuildFile; fileRef = 6EE2F2BC1A7275EC004E4680 /* libfmod_iphoneos.a */; };
		6EE2F3221A7275EC004E4680 /* libfmod_iphonesimulator.a in Frameworks */ = {isa = PBXBuildFile; fileRef = 6EE2F2BD1A7275EC004E4680 /* libfmod_iphonesimulator.a */; };
		6EE2F3231A7275EC004E4680 /* libfmodL_iphoneos.a in Frameworks */ = {isa = PBXBuildFile; fileRef = 6EE2F2BE1A7275EC004E4680 /* libfmodL_iphoneos.a */; };
		6EE2F3241A7275EC004E4680 /* libfmodL_iphonesimulator.a in Frameworks */ = {isa = PBXBuildFile; fileRef = 6EE2F2BF1A7275EC004E4680 /* libfmodL_iphonesimulator.a */; };
		6EE472391A623AB20046287F /* AsyncSocket.m in Sources */ = {isa = PBXBuildFile; fileRef = 6EE472361A623AB20046287F /* AsyncSocket.m */; };
		6EE4723A1A623AB20046287F /* AsyncUdpSocket.m in Sources */ = {isa = PBXBuildFile; fileRef = 6EE472381A623AB20046287F /* AsyncUdpSocket.m */; };
		6EF2B7461A67F51600D93862 /* AudioToolbox.framework in Frameworks */ = {isa = PBXBuildFile; fileRef = 6EF2B7451A67F51600D93862 /* AudioToolbox.framework */; };
/* End PBXBuildFile section */

/* Begin PBXContainerItemProxy section */
		6ECEBD491A3DD029005A9250 /* PBXContainerItemProxy */ = {
			isa = PBXContainerItemProxy;
			containerPortal = 6ECEBD271A3DD029005A9250 /* Project object */;
			proxyType = 1;
			remoteGlobalIDString = 6ECEBD2E1A3DD029005A9250;
			remoteInfo = MIDIDemo;
		};
/* End PBXContainerItemProxy section */

/* Begin PBXFileReference section */
		6E6F1FDF1A7CC29900E93A2F /* WriteValeController.h */ = {isa = PBXFileReference; fileEncoding = 4; lastKnownFileType = sourcecode.c.h; path = WriteValeController.h; sourceTree = "<group>"; };
		6E6F1FE01A7CC29900E93A2F /* WriteValeController.m */ = {isa = PBXFileReference; fileEncoding = 4; lastKnownFileType = sourcecode.c.objc; path = WriteValeController.m; sourceTree = "<group>"; };
		6E6F1FE51A7DBA0300E93A2F /* snare.wav */ = {isa = PBXFileReference; lastKnownFileType = audio.wav; path = snare.wav; sourceTree = "<group>"; };
		6ECEBD2F1A3DD029005A9250 /* MIDIDemo.app */ = {isa = PBXFileReference; explicitFileType = wrapper.application; includeInIndex = 0; path = MIDIDemo.app; sourceTree = BUILT_PRODUCTS_DIR; };
		6ECEBD331A3DD029005A9250 /* Info.plist */ = {isa = PBXFileReference; lastKnownFileType = text.plist.xml; path = Info.plist; sourceTree = "<group>"; };
		6ECEBD341A3DD029005A9250 /* main.m */ = {isa = PBXFileReference; lastKnownFileType = sourcecode.c.objc; path = main.m; sourceTree = "<group>"; };
		6ECEBD361A3DD029005A9250 /* AppDelegate.h */ = {isa = PBXFileReference; lastKnownFileType = sourcecode.c.h; path = AppDelegate.h; sourceTree = "<group>"; };
		6ECEBD371A3DD029005A9250 /* AppDelegate.mm */ = {isa = PBXFileReference; lastKnownFileType = sourcecode.cpp.objcpp; path = AppDelegate.mm; sourceTree = "<group>"; };
		6ECEBD3D1A3DD029005A9250 /* Base */ = {isa = PBXFileReference; lastKnownFileType = file.storyboard; name = Base; path = Base.lproj/Main.storyboard; sourceTree = "<group>"; };
		6ECEBD3F1A3DD029005A9250 /* Images.xcassets */ = {isa = PBXFileReference; lastKnownFileType = folder.assetcatalog; path = Images.xcassets; sourceTree = "<group>"; };
		6ECEBD421A3DD029005A9250 /* Base */ = {isa = PBXFileReference; lastKnownFileType = file.xib; name = Base; path = Base.lproj/LaunchScreen.xib; sourceTree = "<group>"; };
		6ECEBD481A3DD029005A9250 /* MIDIDemoTests.xctest */ = {isa = PBXFileReference; explicitFileType = wrapper.cfbundle; includeInIndex = 0; path = MIDIDemoTests.xctest; sourceTree = BUILT_PRODUCTS_DIR; };
		6ECEBD4D1A3DD029005A9250 /* Info.plist */ = {isa = PBXFileReference; lastKnownFileType = text.plist.xml; path = Info.plist; sourceTree = "<group>"; };
		6ECEBD4E1A3DD029005A9250 /* MIDIDemoTests.m */ = {isa = PBXFileReference; lastKnownFileType = sourcecode.c.objc; path = MIDIDemoTests.m; sourceTree = "<group>"; };
		6ECEBD5D1A3DDB50005A9250 /* CoreMIDI.framework */ = {isa = PBXFileReference; lastKnownFileType = wrapper.framework; name = CoreMIDI.framework; path = System/Library/Frameworks/CoreMIDI.framework; sourceTree = SDKROOT; };
		6ED075DE1A751A0A00DEC1FD /* gm.dls */ = {isa = PBXFileReference; lastKnownFileType = file; path = gm.dls; sourceTree = "<group>"; };
		6ED075E01A751F6200DEC1FD /* AVFoundation.framework */ = {isa = PBXFileReference; lastKnownFileType = wrapper.framework; name = AVFoundation.framework; path = System/Library/Frameworks/AVFoundation.framework; sourceTree = SDKROOT; };
		6ED424551A73DE2C00CD0C08 /* PlayMIDI.h */ = {isa = PBXFileReference; fileEncoding = 4; lastKnownFileType = sourcecode.c.h; path = PlayMIDI.h; sourceTree = "<group>"; };
		6ED424561A73DE2C00CD0C08 /* PlayMIDI.mm */ = {isa = PBXFileReference; fileEncoding = 4; lastKnownFileType = sourcecode.cpp.objcpp; path = PlayMIDI.mm; sourceTree = "<group>"; };
		6ED424591A7498B400CD0C08 /* fpc_DrumAndBass_1.mid */ = {isa = PBXFileReference; lastKnownFileType = audio.midi; path = fpc_DrumAndBass_1.mid; sourceTree = "<group>"; };
		6ED4245A1A7498B400CD0C08 /* fpc_DrumAndBass_2.mid */ = {isa = PBXFileReference; lastKnownFileType = audio.midi; path = fpc_DrumAndBass_2.mid; sourceTree = "<group>"; };
		6ED4245B1A7498B400CD0C08 /* fpc_DrumAndBass_3.mid */ = {isa = PBXFileReference; lastKnownFileType = audio.midi; path = fpc_DrumAndBass_3.mid; sourceTree = "<group>"; };
		6ED4245C1A7498B400CD0C08 /* fpc_DrumAndBass_4.mid */ = {isa = PBXFileReference; lastKnownFileType = audio.midi; path = fpc_DrumAndBass_4.mid; sourceTree = "<group>"; };
		6ED4245D1A7498B400CD0C08 /* fpc_DrumAndBass_5.mid */ = {isa = PBXFileReference; lastKnownFileType = audio.midi; path = fpc_DrumAndBass_5.mid; sourceTree = "<group>"; };
		6ED4245E1A7498B400CD0C08 /* fpc_DrumAndBass_6.mid */ = {isa = PBXFileReference; lastKnownFileType = audio.midi; path = fpc_DrumAndBass_6.mid; sourceTree = "<group>"; };
		6ED4245F1A7498B400CD0C08 /* fpc_DrumAndBass_7.mid */ = {isa = PBXFileReference; lastKnownFileType = audio.midi; path = fpc_DrumAndBass_7.mid; sourceTree = "<group>"; };
		6ED424601A7498B400CD0C08 /* fpc_DrumAndBass_8.mid */ = {isa = PBXFileReference; lastKnownFileType = audio.midi; path = fpc_DrumAndBass_8.mid; sourceTree = "<group>"; };
		6ED424611A7498B400CD0C08 /* fpc_DrumAndBass_9.mid */ = {isa = PBXFileReference; lastKnownFileType = audio.midi; path = fpc_DrumAndBass_9.mid; sourceTree = "<group>"; };
		6ED424621A7498B400CD0C08 /* fpc_DrumAndBass_10.mid */ = {isa = PBXFileReference; lastKnownFileType = audio.midi; path = fpc_DrumAndBass_10.mid; sourceTree = "<group>"; };
		6ED424631A7498B400CD0C08 /* fpc_DrumAndBass_11.mid */ = {isa = PBXFileReference; lastKnownFileType = audio.midi; path = fpc_DrumAndBass_11.mid; sourceTree = "<group>"; };
		6ED424641A7498B400CD0C08 /* fpc_DrumAndBass_12.mid */ = {isa = PBXFileReference; lastKnownFileType = audio.midi; path = fpc_DrumAndBass_12.mid; sourceTree = "<group>"; };
		6ED424651A7498B400CD0C08 /* fpc_DrumAndBass_13.mid */ = {isa = PBXFileReference; lastKnownFileType = audio.midi; path = fpc_DrumAndBass_13.mid; sourceTree = "<group>"; };
		6ED424661A7498B400CD0C08 /* fpc_DrumAndBass_14.mid */ = {isa = PBXFileReference; lastKnownFileType = audio.midi; path = fpc_DrumAndBass_14.mid; sourceTree = "<group>"; };
		6ED424671A7498B400CD0C08 /* fpc_DrumAndBass_15.mid */ = {isa = PBXFileReference; lastKnownFileType = audio.midi; path = fpc_DrumAndBass_15.mid; sourceTree = "<group>"; };
		6ED424681A7498B400CD0C08 /* fpc_DrumAndBass_16.mid */ = {isa = PBXFileReference; lastKnownFileType = audio.midi; path = fpc_DrumAndBass_16.mid; sourceTree = "<group>"; };
		6ED424691A7498B400CD0C08 /* fpc_DrumAndBass_17.mid */ = {isa = PBXFileReference; lastKnownFileType = audio.midi; path = fpc_DrumAndBass_17.mid; sourceTree = "<group>"; };
		6ED4246A1A7498B400CD0C08 /* fpc_DrumAndBass_18.mid */ = {isa = PBXFileReference; lastKnownFileType = audio.midi; path = fpc_DrumAndBass_18.mid; sourceTree = "<group>"; };
		6ED4246B1A7498B400CD0C08 /* fpc_DrumAndBass_19.mid */ = {isa = PBXFileReference; lastKnownFileType = audio.midi; path = fpc_DrumAndBass_19.mid; sourceTree = "<group>"; };
		6ED4246C1A7498B400CD0C08 /* fpc_DrumAndBass_20.mid */ = {isa = PBXFileReference; lastKnownFileType = audio.midi; path = fpc_DrumAndBass_20.mid; sourceTree = "<group>"; };
		6ED4246D1A7498B400CD0C08 /* fpc_DrumAndBass_21.mid */ = {isa = PBXFileReference; lastKnownFileType = audio.midi; path = fpc_DrumAndBass_21.mid; sourceTree = "<group>"; };
		6ED4246E1A7498B400CD0C08 /* fpc_DrumAndBass_22.mid */ = {isa = PBXFileReference; lastKnownFileType = audio.midi; path = fpc_DrumAndBass_22.mid; sourceTree = "<group>"; };
		6ED4246F1A7498B400CD0C08 /* fpc_DrumAndBass_23.mid */ = {isa = PBXFileReference; lastKnownFileType = audio.midi; path = fpc_DrumAndBass_23.mid; sourceTree = "<group>"; };
		6ED424701A7498B400CD0C08 /* fpc_DrumAndBass_24.mid */ = {isa = PBXFileReference; lastKnownFileType = audio.midi; path = fpc_DrumAndBass_24.mid; sourceTree = "<group>"; };
		6EE06D7C1A61161C003CDF38 /* ChooseHardWareController.h */ = {isa = PBXFileReference; fileEncoding = 4; lastKnownFileType = sourcecode.c.h; path = ChooseHardWareController.h; sourceTree = "<group>"; };
		6EE06D7D1A61161C003CDF38 /* ChooseHardWareController.m */ = {isa = PBXFileReference; fileEncoding = 4; lastKnownFileType = sourcecode.c.objc; path = ChooseHardWareController.m; sourceTree = "<group>"; };
		6EE06D7F1A6116CD003CDF38 /* SimulatorHardWareController.h */ = {isa = PBXFileReference; fileEncoding = 4; lastKnownFileType = sourcecode.c.h; path = SimulatorHardWareController.h; sourceTree = "<group>"; };
		6EE06D801A6116CD003CDF38 /* SimulatorHardWareController.m */ = {isa = PBXFileReference; fileEncoding = 4; lastKnownFileType = sourcecode.c.objc; path = SimulatorHardWareController.m; sourceTree = "<group>"; };
		6EE06D821A611A36003CDF38 /* ChoosePlayerController.h */ = {isa = PBXFileReference; fileEncoding = 4; lastKnownFileType = sourcecode.c.h; path = ChoosePlayerController.h; sourceTree = "<group>"; };
		6EE06D831A611A36003CDF38 /* ChoosePlayerController.m */ = {isa = PBXFileReference; fileEncoding = 4; lastKnownFileType = sourcecode.c.objc; path = ChoosePlayerController.m; sourceTree = "<group>"; };
		6EE06D851A611CA3003CDF38 /* CommunicationController.h */ = {isa = PBXFileReference; fileEncoding = 4; lastKnownFileType = sourcecode.c.h; path = CommunicationController.h; sourceTree = "<group>"; };
		6EE06D861A611CA3003CDF38 /* CommunicationController.m */ = {isa = PBXFileReference; fileEncoding = 4; lastKnownFileType = sourcecode.c.objc; path = CommunicationController.m; sourceTree = "<group>"; };
		6EE06D8B1A614C87003CDF38 /* PrefixHeader.pch */ = {isa = PBXFileReference; lastKnownFileType = sourcecode.c.h; path = PrefixHeader.pch; sourceTree = "<group>"; };
		6EE2F2B21A7275EC004E4680 /* fmod.h */ = {isa = PBXFileReference; fileEncoding = 4; lastKnownFileType = sourcecode.c.h; path = fmod.h; sourceTree = "<group>"; };
		6EE2F2B31A7275EC004E4680 /* fmod.hpp */ = {isa = PBXFileReference; fileEncoding = 4; lastKnownFileType = sourcecode.cpp.h; path = fmod.hpp; sourceTree = "<group>"; };
		6EE2F2B41A7275EC004E4680 /* fmod_codec.h */ = {isa = PBXFileReference; fileEncoding = 4; lastKnownFileType = sourcecode.c.h; path = fmod_codec.h; sourceTree = "<group>"; };
		6EE2F2B51A7275EC004E4680 /* fmod_common.h */ = {isa = PBXFileReference; fileEncoding = 4; lastKnownFileType = sourcecode.c.h; path = fmod_common.h; sourceTree = "<group>"; };
		6EE2F2B61A7275EC004E4680 /* fmod_dsp.h */ = {isa = PBXFileReference; fileEncoding = 4; lastKnownFileType = sourcecode.c.h; path = fmod_dsp.h; sourceTree = "<group>"; };
		6EE2F2B71A7275EC004E4680 /* fmod_dsp_effects.h */ = {isa = PBXFileReference; fileEncoding = 4; lastKnownFileType = sourcecode.c.h; path = fmod_dsp_effects.h; sourceTree = "<group>"; };
		6EE2F2B81A7275EC004E4680 /* fmod_errors.h */ = {isa = PBXFileReference; fileEncoding = 4; lastKnownFileType = sourcecode.c.h; path = fmod_errors.h; sourceTree = "<group>"; };
		6EE2F2B91A7275EC004E4680 /* fmod_ios.h */ = {isa = PBXFileReference; fileEncoding = 4; lastKnownFileType = sourcecode.c.h; path = fmod_ios.h; sourceTree = "<group>"; };
		6EE2F2BA1A7275EC004E4680 /* fmod_output.h */ = {isa = PBXFileReference; fileEncoding = 4; lastKnownFileType = sourcecode.c.h; path = fmod_output.h; sourceTree = "<group>"; };
		6EE2F2BC1A7275EC004E4680 /* libfmod_iphoneos.a */ = {isa = PBXFileReference; lastKnownFileType = archive.ar; path = libfmod_iphoneos.a; sourceTree = "<group>"; };
		6EE2F2BD1A7275EC004E4680 /* libfmod_iphonesimulator.a */ = {isa = PBXFileReference; lastKnownFileType = archive.ar; path = libfmod_iphonesimulator.a; sourceTree = "<group>"; };
		6EE2F2BE1A7275EC004E4680 /* libfmodL_iphoneos.a */ = {isa = PBXFileReference; lastKnownFileType = archive.ar; path = libfmodL_iphoneos.a; sourceTree = "<group>"; };
		6EE2F2BF1A7275EC004E4680 /* libfmodL_iphonesimulator.a */ = {isa = PBXFileReference; lastKnownFileType = archive.ar; path = libfmodL_iphonesimulator.a; sourceTree = "<group>"; };
		6EE472351A623AB20046287F /* AsyncSocket.h */ = {isa = PBXFileReference; fileEncoding = 4; lastKnownFileType = sourcecode.c.h; path = AsyncSocket.h; sourceTree = "<group>"; };
		6EE472361A623AB20046287F /* AsyncSocket.m */ = {isa = PBXFileReference; fileEncoding = 4; lastKnownFileType = sourcecode.c.objc; path = AsyncSocket.m; sourceTree = "<group>"; };
		6EE472371A623AB20046287F /* AsyncUdpSocket.h */ = {isa = PBXFileReference; fileEncoding = 4; lastKnownFileType = sourcecode.c.h; path = AsyncUdpSocket.h; sourceTree = "<group>"; };
		6EE472381A623AB20046287F /* AsyncUdpSocket.m */ = {isa = PBXFileReference; fileEncoding = 4; lastKnownFileType = sourcecode.c.objc; path = AsyncUdpSocket.m; sourceTree = "<group>"; };
		6EF2B7451A67F51600D93862 /* AudioToolbox.framework */ = {isa = PBXFileReference; lastKnownFileType = wrapper.framework; name = AudioToolbox.framework; path = System/Library/Frameworks/AudioToolbox.framework; sourceTree = SDKROOT; };
/* End PBXFileReference section */

/* Begin PBXFrameworksBuildPhase section */
		6ECEBD2C1A3DD029005A9250 /* Frameworks */ = {
			isa = PBXFrameworksBuildPhase;
			buildActionMask = 2147483647;
			files = (
				6ED075E11A751F6200DEC1FD /* AVFoundation.framework in Frameworks */,
				6EF2B7461A67F51600D93862 /* AudioToolbox.framework in Frameworks */,
				6ECEBD5E1A3DDB50005A9250 /* CoreMIDI.framework in Frameworks */,
				6EE2F3231A7275EC004E4680 /* libfmodL_iphoneos.a in Frameworks */,
				6EE2F3211A7275EC004E4680 /* libfmod_iphoneos.a in Frameworks */,
				6EE2F3241A7275EC004E4680 /* libfmodL_iphonesimulator.a in Frameworks */,
				6EE2F3221A7275EC004E4680 /* libfmod_iphonesimulator.a in Frameworks */,
			);
			runOnlyForDeploymentPostprocessing = 0;
		};
		6ECEBD451A3DD029005A9250 /* Frameworks */ = {
			isa = PBXFrameworksBuildPhase;
			buildActionMask = 2147483647;
			files = (
			);
			runOnlyForDeploymentPostprocessing = 0;
		};
/* End PBXFrameworksBuildPhase section */

/* Begin PBXGroup section */
		6E6F1FE21A7D0E0300E93A2F /* 模拟与测试 */ = {
			isa = PBXGroup;
			children = (
				6EE06D7F1A6116CD003CDF38 /* SimulatorHardWareController.h */,
				6EE06D801A6116CD003CDF38 /* SimulatorHardWareController.m */,
				6E6F1FDF1A7CC29900E93A2F /* WriteValeController.h */,
				6E6F1FE01A7CC29900E93A2F /* WriteValeController.m */,
			);
			name = "模拟与测试";
			sourceTree = "<group>";
		};
		6ECEBD261A3DD029005A9250 = {
			isa = PBXGroup;
			children = (
				6ECEBD311A3DD029005A9250 /* MIDIDemo */,
				6ECEBD4B1A3DD029005A9250 /* MIDIDemoTests */,
				6ECEBD301A3DD029005A9250 /* Products */,
			);
			sourceTree = "<group>";
		};
		6ECEBD301A3DD029005A9250 /* Products */ = {
			isa = PBXGroup;
			children = (
				6ECEBD2F1A3DD029005A9250 /* MIDIDemo.app */,
				6ECEBD481A3DD029005A9250 /* MIDIDemoTests.xctest */,
			);
			name = Products;
			sourceTree = "<group>";
		};
		6ECEBD311A3DD029005A9250 /* MIDIDemo */ = {
			isa = PBXGroup;
			children = (
				6ECEDB191A693C630036C384 /* 第三方库 */,
				6ED424581A73DE4600CD0C08 /* 播放MIDI库 */,
				6ECEBD361A3DD029005A9250 /* AppDelegate.h */,
				6ECEBD371A3DD029005A9250 /* AppDelegate.mm */,
				6EE06D7C1A61161C003CDF38 /* ChooseHardWareController.h */,
				6EE06D7D1A61161C003CDF38 /* ChooseHardWareController.m */,
				6EE06D821A611A36003CDF38 /* ChoosePlayerController.h */,
				6EE06D831A611A36003CDF38 /* ChoosePlayerController.m */,
				6EE06D851A611CA3003CDF38 /* CommunicationController.h */,
				6EE06D861A611CA3003CDF38 /* CommunicationController.m */,
				6E6F1FE21A7D0E0300E93A2F /* 模拟与测试 */,
				6ECEBD3C1A3DD029005A9250 /* Main.storyboard */,
				6ECEBD3F1A3DD029005A9250 /* Images.xcassets */,
				6ECEBD411A3DD029005A9250 /* LaunchScreen.xib */,
				6ECEDB171A693C450036C384 /* 音色库 */,
				6ECEBD321A3DD029005A9250 /* Supporting Files */,
			);
			path = MIDIDemo;
			sourceTree = "<group>";
		};
		6ECEBD321A3DD029005A9250 /* Supporting Files */ = {
			isa = PBXGroup;
			children = (
				6ED075E01A751F6200DEC1FD /* AVFoundation.framework */,
				6EF2B7451A67F51600D93862 /* AudioToolbox.framework */,
				6ECEBD5D1A3DDB50005A9250 /* CoreMIDI.framework */,
				6ECEBD331A3DD029005A9250 /* Info.plist */,
				6ECEBD341A3DD029005A9250 /* main.m */,
				6EE06D8B1A614C87003CDF38 /* PrefixHeader.pch */,
			);
			name = "Supporting Files";
			sourceTree = "<group>";
		};
		6ECEBD4B1A3DD029005A9250 /* MIDIDemoTests */ = {
			isa = PBXGroup;
			children = (
				6ECEBD4E1A3DD029005A9250 /* MIDIDemoTests.m */,
				6ECEBD4C1A3DD029005A9250 /* Supporting Files */,
			);
			path = MIDIDemoTests;
			sourceTree = "<group>";
		};
		6ECEBD4C1A3DD029005A9250 /* Supporting Files */ = {
			isa = PBXGroup;
			children = (
				6ECEBD4D1A3DD029005A9250 /* Info.plist */,
			);
			name = "Supporting Files";
			sourceTree = "<group>";
		};
		6ECEDB171A693C450036C384 /* 音色库 */ = {
			isa = PBXGroup;
			children = (
				6E6F1FE51A7DBA0300E93A2F /* snare.wav */,
				6ECEDB181A693C4E0036C384 /* 测试 */,
			);
			name = "音色库";
			sourceTree = "<group>";
		};
		6ECEDB181A693C4E0036C384 /* 测试 */ = {
			isa = PBXGroup;
			children = (
				6ED424591A7498B400CD0C08 /* fpc_DrumAndBass_1.mid */,
				6ED4245A1A7498B400CD0C08 /* fpc_DrumAndBass_2.mid */,
				6ED4245B1A7498B400CD0C08 /* fpc_DrumAndBass_3.mid */,
				6ED4245C1A7498B400CD0C08 /* fpc_DrumAndBass_4.mid */,
				6ED4245D1A7498B400CD0C08 /* fpc_DrumAndBass_5.mid */,
				6ED4245E1A7498B400CD0C08 /* fpc_DrumAndBass_6.mid */,
				6ED4245F1A7498B400CD0C08 /* fpc_DrumAndBass_7.mid */,
				6ED424601A7498B400CD0C08 /* fpc_DrumAndBass_8.mid */,
				6ED424611A7498B400CD0C08 /* fpc_DrumAndBass_9.mid */,
				6ED424621A7498B400CD0C08 /* fpc_DrumAndBass_10.mid */,
				6ED424631A7498B400CD0C08 /* fpc_DrumAndBass_11.mid */,
				6ED424641A7498B400CD0C08 /* fpc_DrumAndBass_12.mid */,
				6ED424651A7498B400CD0C08 /* fpc_DrumAndBass_13.mid */,
				6ED424661A7498B400CD0C08 /* fpc_DrumAndBass_14.mid */,
				6ED424671A7498B400CD0C08 /* fpc_DrumAndBass_15.mid */,
				6ED424681A7498B400CD0C08 /* fpc_DrumAndBass_16.mid */,
				6ED424691A7498B400CD0C08 /* fpc_DrumAndBass_17.mid */,
				6ED4246A1A7498B400CD0C08 /* fpc_DrumAndBass_18.mid */,
				6ED4246B1A7498B400CD0C08 /* fpc_DrumAndBass_19.mid */,
				6ED4246C1A7498B400CD0C08 /* fpc_DrumAndBass_20.mid */,
				6ED4246D1A7498B400CD0C08 /* fpc_DrumAndBass_21.mid */,
				6ED4246E1A7498B400CD0C08 /* fpc_DrumAndBass_22.mid */,
				6ED4246F1A7498B400CD0C08 /* fpc_DrumAndBass_23.mid */,
				6ED424701A7498B400CD0C08 /* fpc_DrumAndBass_24.mid */,
			);
			name = "测试";
			sourceTree = "<group>";
		};
		6ECEDB191A693C630036C384 /* 第三方库 */ = {
			isa = PBXGroup;
			children = (
				6EE2F24A1A726FD2004E4680 /* FMOD */,
				6EE4723B1A623ABF0046287F /* CocoaAsyncSocket */,
			);
			name = "第三方库";
			sourceTree = "<group>";
		};
		6ED424581A73DE4600CD0C08 /* 播放MIDI库 */ = {
			isa = PBXGroup;
			children = (
				6ED424551A73DE2C00CD0C08 /* PlayMIDI.h */,
				6ED424561A73DE2C00CD0C08 /* PlayMIDI.mm */,
			);
			name = "播放MIDI库";
			sourceTree = "<group>";
		};
		6EE2F24A1A726FD2004E4680 /* FMOD */ = {
			isa = PBXGroup;
			children = (
				6ED075DE1A751A0A00DEC1FD /* gm.dls */,
				6EE2F24B1A7275EB004E4680 /* api */,
			);
			name = FMOD;
			sourceTree = "<group>";
		};
		6EE2F24B1A7275EB004E4680 /* api */ = {
			isa = PBXGroup;
			children = (
				6EE2F24C1A7275EB004E4680 /* lowlevel */,
			);
			path = api;
			sourceTree = "<group>";
		};
		6EE2F24C1A7275EB004E4680 /* lowlevel */ = {
			isa = PBXGroup;
			children = (
				6EE2F2B11A7275EC004E4680 /* inc */,
				6EE2F2BB1A7275EC004E4680 /* lib */,
			);
			path = lowlevel;
			sourceTree = "<group>";
		};
		6EE2F2B11A7275EC004E4680 /* inc */ = {
			isa = PBXGroup;
			children = (
				6EE2F2B21A7275EC004E4680 /* fmod.h */,
				6EE2F2B31A7275EC004E4680 /* fmod.hpp */,
				6EE2F2B41A7275EC004E4680 /* fmod_codec.h */,
				6EE2F2B51A7275EC004E4680 /* fmod_common.h */,
				6EE2F2B61A7275EC004E4680 /* fmod_dsp.h */,
				6EE2F2B71A7275EC004E4680 /* fmod_dsp_effects.h */,
				6EE2F2B81A7275EC004E4680 /* fmod_errors.h */,
				6EE2F2B91A7275EC004E4680 /* fmod_ios.h */,
				6EE2F2BA1A7275EC004E4680 /* fmod_output.h */,
			);
			path = inc;
			sourceTree = "<group>";
		};
		6EE2F2BB1A7275EC004E4680 /* lib */ = {
			isa = PBXGroup;
			children = (
				6EE2F2BC1A7275EC004E4680 /* libfmod_iphoneos.a */,
				6EE2F2BD1A7275EC004E4680 /* libfmod_iphonesimulator.a */,
				6EE2F2BE1A7275EC004E4680 /* libfmodL_iphoneos.a */,
				6EE2F2BF1A7275EC004E4680 /* libfmodL_iphonesimulator.a */,
			);
			path = lib;
			sourceTree = "<group>";
		};
		6EE4723B1A623ABF0046287F /* CocoaAsyncSocket */ = {
			isa = PBXGroup;
			children = (
				6EE472351A623AB20046287F /* AsyncSocket.h */,
				6EE472361A623AB20046287F /* AsyncSocket.m */,
				6EE472371A623AB20046287F /* AsyncUdpSocket.h */,
				6EE472381A623AB20046287F /* AsyncUdpSocket.m */,
			);
			name = CocoaAsyncSocket;
			sourceTree = "<group>";
		};
/* End PBXGroup section */

/* Begin PBXNativeTarget section */
		6ECEBD2E1A3DD029005A9250 /* MIDIDemo */ = {
			isa = PBXNativeTarget;
			buildConfigurationList = 6ECEBD521A3DD029005A9250 /* Build configuration list for PBXNativeTarget "MIDIDemo" */;
			buildPhases = (
				6ECEBD2B1A3DD029005A9250 /* Sources */,
				6ECEBD2C1A3DD029005A9250 /* Frameworks */,
				6ECEBD2D1A3DD029005A9250 /* Resources */,
			);
			buildRules = (
			);
			dependencies = (
			);
			name = MIDIDemo;
			productName = MIDIDemo;
			productReference = 6ECEBD2F1A3DD029005A9250 /* MIDIDemo.app */;
			productType = "com.apple.product-type.application";
		};
		6ECEBD471A3DD029005A9250 /* MIDIDemoTests */ = {
			isa = PBXNativeTarget;
			buildConfigurationList = 6ECEBD551A3DD029005A9250 /* Build configuration list for PBXNativeTarget "MIDIDemoTests" */;
			buildPhases = (
				6ECEBD441A3DD029005A9250 /* Sources */,
				6ECEBD451A3DD029005A9250 /* Frameworks */,
				6ECEBD461A3DD029005A9250 /* Resources */,
			);
			buildRules = (
			);
			dependencies = (
				6ECEBD4A1A3DD029005A9250 /* PBXTargetDependency */,
			);
			name = MIDIDemoTests;
			productName = MIDIDemoTests;
			productReference = 6ECEBD481A3DD029005A9250 /* MIDIDemoTests.xctest */;
			productType = "com.apple.product-type.bundle.unit-test";
		};
/* End PBXNativeTarget section */

/* Begin PBXProject section */
		6ECEBD271A3DD029005A9250 /* Project object */ = {
			isa = PBXProject;
			attributes = {
				LastUpgradeCheck = 0610;
				ORGANIZATIONNAME = "赵立波";
				TargetAttributes = {
					6ECEBD2E1A3DD029005A9250 = {
						CreatedOnToolsVersion = 6.1.1;
						DevelopmentTeam = RSXSFANAY7;
						SystemCapabilities = {
							com.apple.BackgroundModes = {
								enabled = 1;
							};
							com.apple.InterAppAudio = {
								enabled = 0;
							};
						};
					};
					6ECEBD471A3DD029005A9250 = {
						CreatedOnToolsVersion = 6.1.1;
						TestTargetID = 6ECEBD2E1A3DD029005A9250;
					};
				};
			};
			buildConfigurationList = 6ECEBD2A1A3DD029005A9250 /* Build configuration list for PBXProject "MIDIDemo" */;
			compatibilityVersion = "Xcode 3.2";
			developmentRegion = English;
			hasScannedForEncodings = 0;
			knownRegions = (
				en,
				Base,
			);
			mainGroup = 6ECEBD261A3DD029005A9250;
			productRefGroup = 6ECEBD301A3DD029005A9250 /* Products */;
			projectDirPath = "";
			projectRoot = "";
			targets = (
				6ECEBD2E1A3DD029005A9250 /* MIDIDemo */,
				6ECEBD471A3DD029005A9250 /* MIDIDemoTests */,
			);
		};
/* End PBXProject section */

/* Begin PBXResourcesBuildPhase section */
		6ECEBD2D1A3DD029005A9250 /* Resources */ = {
			isa = PBXResourcesBuildPhase;
			buildActionMask = 2147483647;
			files = (
				6ED4247A1A7498B400CD0C08 /* fpc_DrumAndBass_10.mid in Resources */,
				6ED4247F1A7498B400CD0C08 /* fpc_DrumAndBass_15.mid in Resources */,
				6ED4247D1A7498B400CD0C08 /* fpc_DrumAndBass_13.mid in Resources */,
				6ED4247E1A7498B400CD0C08 /* fpc_DrumAndBass_14.mid in Resources */,
				6ED424871A7498B400CD0C08 /* fpc_DrumAndBass_23.mid in Resources */,
				6ED424791A7498B400CD0C08 /* fpc_DrumAndBass_9.mid in Resources */,
				6ED424751A7498B400CD0C08 /* fpc_DrumAndBass_5.mid in Resources */,
				6ECEBD3E1A3DD029005A9250 /* Main.storyboard in Resources */,
				6ED424801A7498B400CD0C08 /* fpc_DrumAndBass_16.mid in Resources */,
				6ED424761A7498B400CD0C08 /* fpc_DrumAndBass_6.mid in Resources */,
				6ED424731A7498B400CD0C08 /* fpc_DrumAndBass_3.mid in Resources */,
				6ECEBD431A3DD029005A9250 /* LaunchScreen.xib in Resources */,
				6ED4247B1A7498B400CD0C08 /* fpc_DrumAndBass_11.mid in Resources */,
				6ED424861A7498B400CD0C08 /* fpc_DrumAndBass_22.mid in Resources */,
				6ED424721A7498B400CD0C08 /* fpc_DrumAndBass_2.mid in Resources */,
				6ED075DF1A751A0A00DEC1FD /* gm.dls in Resources */,
				6ED424811A7498B400CD0C08 /* fpc_DrumAndBass_17.mid in Resources */,
				6ED424741A7498B400CD0C08 /* fpc_DrumAndBass_4.mid in Resources */,
				6ED424711A7498B400CD0C08 /* fpc_DrumAndBass_1.mid in Resources */,
				6ED424881A7498B400CD0C08 /* fpc_DrumAndBass_24.mid in Resources */,
				6ED4247C1A7498B400CD0C08 /* fpc_DrumAndBass_12.mid in Resources */,
				6ED424851A7498B400CD0C08 /* fpc_DrumAndBass_21.mid in Resources */,
				6ED424831A7498B400CD0C08 /* fpc_DrumAndBass_19.mid in Resources */,
				6ED424841A7498B400CD0C08 /* fpc_DrumAndBass_20.mid in Resources */,
				6ED424821A7498B400CD0C08 /* fpc_DrumAndBass_18.mid in Resources */,
				6E6F1FE61A7DBA0300E93A2F /* snare.wav in Resources */,
				6ED424781A7498B400CD0C08 /* fpc_DrumAndBass_8.mid in Resources */,
				6ED424771A7498B400CD0C08 /* fpc_DrumAndBass_7.mid in Resources */,
				6ECEBD401A3DD029005A9250 /* Images.xcassets in Resources */,
			);
			runOnlyForDeploymentPostprocessing = 0;
		};
		6ECEBD461A3DD029005A9250 /* Resources */ = {
			isa = PBXResourcesBuildPhase;
			buildActionMask = 2147483647;
			files = (
			);
			runOnlyForDeploymentPostprocessing = 0;
		};
/* End PBXResourcesBuildPhase section */

/* Begin PBXSourcesBuildPhase section */
		6ECEBD2B1A3DD029005A9250 /* Sources */ = {
			isa = PBXSourcesBuildPhase;
			buildActionMask = 2147483647;
			files = (
				6EE06D7E1A61161C003CDF38 /* ChooseHardWareController.m in Sources */,
				6ECEBD381A3DD029005A9250 /* AppDelegate.mm in Sources */,
				6EE06D871A611CA3003CDF38 /* CommunicationController.m in Sources */,
				6ED424571A73DE2C00CD0C08 /* PlayMIDI.mm in Sources */,
				6EE4723A1A623AB20046287F /* AsyncUdpSocket.m in Sources */,
				6EE06D811A6116CD003CDF38 /* SimulatorHardWareController.m in Sources */,
				6ECEBD351A3DD029005A9250 /* main.m in Sources */,
				6E6F1FE11A7CC29900E93A2F /* WriteValeController.m in Sources */,
				6EE06D841A611A36003CDF38 /* ChoosePlayerController.m in Sources */,
				6EE472391A623AB20046287F /* AsyncSocket.m in Sources */,
			);
			runOnlyForDeploymentPostprocessing = 0;
		};
		6ECEBD441A3DD029005A9250 /* Sources */ = {
			isa = PBXSourcesBuildPhase;
			buildActionMask = 2147483647;
			files = (
				6ECEBD4F1A3DD029005A9250 /* MIDIDemoTests.m in Sources */,
			);
			runOnlyForDeploymentPostprocessing = 0;
		};
/* End PBXSourcesBuildPhase section */

/* Begin PBXTargetDependency section */
		6ECEBD4A1A3DD029005A9250 /* PBXTargetDependency */ = {
			isa = PBXTargetDependency;
			target = 6ECEBD2E1A3DD029005A9250 /* MIDIDemo */;
			targetProxy = 6ECEBD491A3DD029005A9250 /* PBXContainerItemProxy */;
		};
/* End PBXTargetDependency section */

/* Begin PBXVariantGroup section */
		6ECEBD3C1A3DD029005A9250 /* Main.storyboard */ = {
			isa = PBXVariantGroup;
			children = (
				6ECEBD3D1A3DD029005A9250 /* Base */,
			);
			name = Main.storyboard;
			sourceTree = "<group>";
		};
		6ECEBD411A3DD029005A9250 /* LaunchScreen.xib */ = {
			isa = PBXVariantGroup;
			children = (
				6ECEBD421A3DD029005A9250 /* Base */,
			);
			name = LaunchScreen.xib;
			sourceTree = "<group>";
		};
/* End PBXVariantGroup section */

/* Begin XCBuildConfiguration section */
		6ECEBD501A3DD029005A9250 /* Debug */ = {
			isa = XCBuildConfiguration;
			buildSettings = {
				ALWAYS_SEARCH_USER_PATHS = NO;
				CLANG_CXX_LANGUAGE_STANDARD = "gnu++0x";
				CLANG_CXX_LIBRARY = "libc++";
				CLANG_ENABLE_MODULES = YES;
				CLANG_ENABLE_OBJC_ARC = YES;
				CLANG_WARN_BOOL_CONVERSION = YES;
				CLANG_WARN_CONSTANT_CONVERSION = YES;
				CLANG_WARN_DIRECT_OBJC_ISA_USAGE = YES_ERROR;
				CLANG_WARN_EMPTY_BODY = YES;
				CLANG_WARN_ENUM_CONVERSION = YES;
				CLANG_WARN_INT_CONVERSION = YES;
				CLANG_WARN_OBJC_ROOT_CLASS = YES_ERROR;
				CLANG_WARN_UNREACHABLE_CODE = YES;
				CLANG_WARN__DUPLICATE_METHOD_MATCH = YES;
				"CODE_SIGN_IDENTITY[sdk=iphoneos*]" = "iPhone Developer";
				COPY_PHASE_STRIP = NO;
				ENABLE_STRICT_OBJC_MSGSEND = YES;
				GCC_C_LANGUAGE_STANDARD = gnu99;
				GCC_DYNAMIC_NO_PIC = NO;
				GCC_OPTIMIZATION_LEVEL = 0;
				GCC_PREPROCESSOR_DEFINITIONS = (
					"DEBUG=1",
					"$(inherited)",
				);
				GCC_SYMBOLS_PRIVATE_EXTERN = NO;
				GCC_WARN_64_TO_32_BIT_CONVERSION = YES;
				GCC_WARN_ABOUT_RETURN_TYPE = YES_ERROR;
				GCC_WARN_UNDECLARED_SELECTOR = YES;
				GCC_WARN_UNINITIALIZED_AUTOS = YES_AGGRESSIVE;
				GCC_WARN_UNUSED_FUNCTION = YES;
				GCC_WARN_UNUSED_VARIABLE = YES;
				IPHONEOS_DEPLOYMENT_TARGET = 8.1;
				MTL_ENABLE_DEBUG_INFO = YES;
				ONLY_ACTIVE_ARCH = YES;
				SDKROOT = iphoneos;
				TARGETED_DEVICE_FAMILY = "1,2";
			};
			name = Debug;
		};
		6ECEBD511A3DD029005A9250 /* Release */ = {
			isa = XCBuildConfiguration;
			buildSettings = {
				ALWAYS_SEARCH_USER_PATHS = NO;
				CLANG_CXX_LANGUAGE_STANDARD = "gnu++0x";
				CLANG_CXX_LIBRARY = "libc++";
				CLANG_ENABLE_MODULES = YES;
				CLANG_ENABLE_OBJC_ARC = YES;
				CLANG_WARN_BOOL_CONVERSION = YES;
				CLANG_WARN_CONSTANT_CONVERSION = YES;
				CLANG_WARN_DIRECT_OBJC_ISA_USAGE = YES_ERROR;
				CLANG_WARN_EMPTY_BODY = YES;
				CLANG_WARN_ENUM_CONVERSION = YES;
				CLANG_WARN_INT_CONVERSION = YES;
				CLANG_WARN_OBJC_ROOT_CLASS = YES_ERROR;
				CLANG_WARN_UNREACHABLE_CODE = YES;
				CLANG_WARN__DUPLICATE_METHOD_MATCH = YES;
				"CODE_SIGN_IDENTITY[sdk=iphoneos*]" = "iPhone Developer";
				COPY_PHASE_STRIP = YES;
				ENABLE_NS_ASSERTIONS = NO;
				ENABLE_STRICT_OBJC_MSGSEND = YES;
				GCC_C_LANGUAGE_STANDARD = gnu99;
				GCC_WARN_64_TO_32_BIT_CONVERSION = YES;
				GCC_WARN_ABOUT_RETURN_TYPE = YES_ERROR;
				GCC_WARN_UNDECLARED_SELECTOR = YES;
				GCC_WARN_UNINITIALIZED_AUTOS = YES_AGGRESSIVE;
				GCC_WARN_UNUSED_FUNCTION = YES;
				GCC_WARN_UNUSED_VARIABLE = YES;
				IPHONEOS_DEPLOYMENT_TARGET = 8.1;
				MTL_ENABLE_DEBUG_INFO = NO;
				SDKROOT = iphoneos;
				TARGETED_DEVICE_FAMILY = "1,2";
				VALIDATE_PRODUCT = YES;
			};
			name = Release;
		};
		6ECEBD531A3DD029005A9250 /* Debug */ = {
			isa = XCBuildConfiguration;
			buildSettings = {
				ASSETCATALOG_COMPILER_APPICON_NAME = AppIcon;
				CLANG_CXX_LANGUAGE_STANDARD = "c++0x";
				CODE_SIGN_IDENTITY = "iPhone Developer";
				"CODE_SIGN_IDENTITY[sdk=iphoneos*]" = "iPhone Developer";
				GCC_PRECOMPILE_PREFIX_HEADER = YES;
				GCC_PREFIX_HEADER = MIDIDemo/PrefixHeader.pch;
				HEADER_SEARCH_PATHS = (
					"$(inherited)",
					/Applications/Xcode.app/Contents/Developer/Toolchains/XcodeDefault.xctoolchain/usr/include,
					"$(PROJECT_DIR)/MIDIDemo/api/lowlevel/inc",
					"$(PROJECT_DIR)/MIDIDemo/api/studio/inc",
				);
				INFOPLIST_FILE = MIDIDemo/Info.plist;
				LD_RUNPATH_SEARCH_PATHS = "$(inherited) @executable_path/Frameworks";
				LIBRARY_SEARCH_PATHS = (
					"$(inherited)",
					"$(PROJECT_DIR)/MIDIDemo/api/lowlevel/lib",
					"$(PROJECT_DIR)/MIDIDemo/api/studio/lib",
				);
				ONLY_ACTIVE_ARCH = YES;
				OTHER_LDFLAGS = "";
				PRODUCT_NAME = "$(TARGET_NAME)";
				PROVISIONING_PROFILE = "";
				VALID_ARCHS = "armv7 armv7s arm64";
			};
			name = Debug;
		};
		6ECEBD541A3DD029005A9250 /* Release */ = {
			isa = XCBuildConfiguration;
			buildSettings = {
				ASSETCATALOG_COMPILER_APPICON_NAME = AppIcon;
				CLANG_CXX_LANGUAGE_STANDARD = "c++0x";
				CODE_SIGN_IDENTITY = "iPhone Developer";
				"CODE_SIGN_IDENTITY[sdk=iphoneos*]" = "iPhone Developer";
				GCC_PRECOMPILE_PREFIX_HEADER = YES;
				GCC_PREFIX_HEADER = MIDIDemo/PrefixHeader.pch;
				HEADER_SEARCH_PATHS = (
					"$(inherited)",
					/Applications/Xcode.app/Contents/Developer/Toolchains/XcodeDefault.xctoolchain/usr/include,
					"$(PROJECT_DIR)/MIDIDemo/api/lowlevel/inc",
					"$(PROJECT_DIR)/MIDIDemo/api/studio/inc",
				);
				INFOPLIST_FILE = MIDIDemo/Info.plist;
				LD_RUNPATH_SEARCH_PATHS = "$(inherited) @executable_path/Frameworks";
				LIBRARY_SEARCH_PATHS = (
					"$(inherited)",
					"$(PROJECT_DIR)/MIDIDemo/api/lowlevel/lib",
					"$(PROJECT_DIR)/MIDIDemo/api/studio/lib",
				);
				OTHER_LDFLAGS = "";
				PRODUCT_NAME = "$(TARGET_NAME)";
				PROVISIONING_PROFILE = "";
				VALID_ARCHS = "armv7 armv7s arm64";
			};
			name = Release;
		};
		6ECEBD561A3DD029005A9250 /* Debug */ = {
			isa = XCBuildConfiguration;
			buildSettings = {
				BUNDLE_LOADER = "$(TEST_HOST)";
				FRAMEWORK_SEARCH_PATHS = (
					"$(SDKROOT)/Developer/Library/Frameworks",
					"$(inherited)",
				);
				GCC_PREPROCESSOR_DEFINITIONS = (
					"DEBUG=1",
					"$(inherited)",
				);
				INFOPLIST_FILE = MIDIDemoTests/Info.plist;
				LD_RUNPATH_SEARCH_PATHS = "$(inherited) @executable_path/Frameworks @loader_path/Frameworks";
				PRODUCT_NAME = "$(TARGET_NAME)";
				TEST_HOST = "$(BUILT_PRODUCTS_DIR)/MIDIDemo.app/MIDIDemo";
			};
			name = Debug;
		};
		6ECEBD571A3DD029005A9250 /* Release */ = {
			isa = XCBuildConfiguration;
			buildSettings = {
				BUNDLE_LOADER = "$(TEST_HOST)";
				FRAMEWORK_SEARCH_PATHS = (
					"$(SDKROOT)/Developer/Library/Frameworks",
					"$(inherited)",
				);
				INFOPLIST_FILE = MIDIDemoTests/Info.plist;
				LD_RUNPATH_SEARCH_PATHS = "$(inherited) @executable_path/Frameworks @loader_path/Frameworks";
				PRODUCT_NAME = "$(TARGET_NAME)";
				TEST_HOST = "$(BUILT_PRODUCTS_DIR)/MIDIDemo.app/MIDIDemo";
			};
			name = Release;
		};
/* End XCBuildConfiguration section */

/* Begin XCConfigurationList section */
		6ECEBD2A1A3DD029005A9250 /* Build configuration list for PBXProject "MIDIDemo" */ = {
			isa = XCConfigurationList;
			buildConfigurations = (
				6ECEBD501A3DD029005A9250 /* Debug */,
				6ECEBD511A3DD029005A9250 /* Release */,
			);
			defaultConfigurationIsVisible = 0;
			defaultConfigurationName = Release;
		};
		6ECEBD521A3DD029005A9250 /* Build configuration list for PBXNativeTarget "MIDIDemo" */ = {
			isa = XCConfigurationList;
			buildConfigurations = (
				6ECEBD531A3DD029005A9250 /* Debug */,
				6ECEBD541A3DD029005A9250 /* Release */,
			);
			defaultConfigurationIsVisible = 0;
			defaultConfigurationName = Release;
		};
		6ECEBD551A3DD029005A9250 /* Build configuration list for PBXNativeTarget "MIDIDemoTests" */ = {
			isa = XCConfigurationList;
			buildConfigurations = (
				6ECEBD561A3DD029005A9250 /* Debug */,
				6ECEBD571A3DD029005A9250 /* Release */,
			);
			defaultConfigurationIsVisible = 0;
			defaultConfigurationName = Release;
		};
/* End XCConfigurationList section */
	};
	rootObject = 6ECEBD271A3DD029005A9250 /* Project object */;
}
