// !$*UTF8*$!
{
	archiveVersion = 1;
	classes = {
	};
	objectVersion = 46;
	objects = {

/* Begin PBXBuildFile section */
		6ECEBD351A3DD029005A9250 /* main.m in Sources */ = {isa = PBXBuildFile; fileRef = 6ECEBD341A3DD029005A9250 /* main.m */; };
		6ECEBD381A3DD029005A9250 /* AppDelegate.m in Sources */ = {isa = PBXBuildFile; fileRef = 6ECEBD371A3DD029005A9250 /* AppDelegate.m */; };
		6ECEBD3E1A3DD029005A9250 /* Main.storyboard in Resources */ = {isa = PBXBuildFile; fileRef = 6ECEBD3C1A3DD029005A9250 /* Main.storyboard */; };
		6ECEBD401A3DD029005A9250 /* Images.xcassets in Resources */ = {isa = PBXBuildFile; fileRef = 6ECEBD3F1A3DD029005A9250 /* Images.xcassets */; };
		6ECEBD431A3DD029005A9250 /* LaunchScreen.xib in Resources */ = {isa = PBXBuildFile; fileRef = 6ECEBD411A3DD029005A9250 /* LaunchScreen.xib */; };
		6ECEBD4F1A3DD029005A9250 /* MIDIDemoTests.m in Sources */ = {isa = PBXBuildFile; fileRef = 6ECEBD4E1A3DD029005A9250 /* MIDIDemoTests.m */; };
		6ECEBD5E1A3DDB50005A9250 /* CoreMIDI.framework in Frameworks */ = {isa = PBXBuildFile; fileRef = 6ECEBD5D1A3DDB50005A9250 /* CoreMIDI.framework */; };
		6EE06D7E1A61161C003CDF38 /* ChooseHardWareController.m in Sources */ = {isa = PBXBuildFile; fileRef = 6EE06D7D1A61161C003CDF38 /* ChooseHardWareController.m */; };
		6EE06D811A6116CD003CDF38 /* SimulatorHardWareController.m in Sources */ = {isa = PBXBuildFile; fileRef = 6EE06D801A6116CD003CDF38 /* SimulatorHardWareController.m */; };
		6EE06D841A611A36003CDF38 /* ChoosePlayerController.m in Sources */ = {isa = PBXBuildFile; fileRef = 6EE06D831A611A36003CDF38 /* ChoosePlayerController.m */; };
		6EE06D871A611CA3003CDF38 /* CommunicationController.m in Sources */ = {isa = PBXBuildFile; fileRef = 6EE06D861A611CA3003CDF38 /* CommunicationController.m */; };
		6EE472391A623AB20046287F /* AsyncSocket.m in Sources */ = {isa = PBXBuildFile; fileRef = 6EE472361A623AB20046287F /* AsyncSocket.m */; };
		6EE4723A1A623AB20046287F /* AsyncUdpSocket.m in Sources */ = {isa = PBXBuildFile; fileRef = 6EE472381A623AB20046287F /* AsyncUdpSocket.m */; };
		6EF2B7461A67F51600D93862 /* AudioToolbox.framework in Frameworks */ = {isa = PBXBuildFile; fileRef = 6EF2B7451A67F51600D93862 /* AudioToolbox.framework */; };
		6EF2B74B1A67F58100D93862 /* A.wav in Resources */ = {isa = PBXBuildFile; fileRef = 6EF2B7471A67F58100D93862 /* A.wav */; };
		6EF2B74C1A67F58100D93862 /* B.wav in Resources */ = {isa = PBXBuildFile; fileRef = 6EF2B7481A67F58100D93862 /* B.wav */; };
		6EF2B74D1A67F58100D93862 /* C.wav in Resources */ = {isa = PBXBuildFile; fileRef = 6EF2B7491A67F58100D93862 /* C.wav */; };
		6EF2B74E1A67F58100D93862 /* D.wav in Resources */ = {isa = PBXBuildFile; fileRef = 6EF2B74A1A67F58100D93862 /* D.wav */; };
/* End PBXBuildFile section */

/* Begin PBXContainerItemProxy section */
		6ECEBD491A3DD029005A9250 /* PBXContainerItemProxy */ = {
			isa = PBXContainerItemProxy;
			containerPortal = 6ECEBD271A3DD029005A9250 /* Project object */;
			proxyType = 1;
			remoteGlobalIDString = 6ECEBD2E1A3DD029005A9250;
			remoteInfo = MIDIDemo;
		};
/* End PBXContainerItemProxy section */

/* Begin PBXFileReference section */
		6ECEBD2F1A3DD029005A9250 /* MIDIDemo.app */ = {isa = PBXFileReference; explicitFileType = wrapper.application; includeInIndex = 0; path = MIDIDemo.app; sourceTree = BUILT_PRODUCTS_DIR; };
		6ECEBD331A3DD029005A9250 /* Info.plist */ = {isa = PBXFileReference; lastKnownFileType = text.plist.xml; path = Info.plist; sourceTree = "<group>"; };
		6ECEBD341A3DD029005A9250 /* main.m */ = {isa = PBXFileReference; lastKnownFileType = sourcecode.c.objc; path = main.m; sourceTree = "<group>"; };
		6ECEBD361A3DD029005A9250 /* AppDelegate.h */ = {isa = PBXFileReference; lastKnownFileType = sourcecode.c.h; path = AppDelegate.h; sourceTree = "<group>"; };
		6ECEBD371A3DD029005A9250 /* AppDelegate.m */ = {isa = PBXFileReference; lastKnownFileType = sourcecode.c.objc; path = AppDelegate.m; sourceTree = "<group>"; };
		6ECEBD3D1A3DD029005A9250 /* Base */ = {isa = PBXFileReference; lastKnownFileType = file.storyboard; name = Base; path = Base.lproj/Main.storyboard; sourceTree = "<group>"; };
		6ECEBD3F1A3DD029005A9250 /* Images.xcassets */ = {isa = PBXFileReference; lastKnownFileType = folder.assetcatalog; path = Images.xcassets; sourceTree = "<group>"; };
		6ECEBD421A3DD029005A9250 /* Base */ = {isa = PBXFileReference; lastKnownFileType = file.xib; name = Base; path = Base.lproj/LaunchScreen.xib; sourceTree = "<group>"; };
		6ECEBD481A3DD029005A9250 /* MIDIDemoTests.xctest */ = {isa = PBXFileReference; explicitFileType = wrapper.cfbundle; includeInIndex = 0; path = MIDIDemoTests.xctest; sourceTree = BUILT_PRODUCTS_DIR; };
		6ECEBD4D1A3DD029005A9250 /* Info.plist */ = {isa = PBXFileReference; lastKnownFileType = text.plist.xml; path = Info.plist; sourceTree = "<group>"; };
		6ECEBD4E1A3DD029005A9250 /* MIDIDemoTests.m */ = {isa = PBXFileReference; lastKnownFileType = sourcecode.c.objc; path = MIDIDemoTests.m; sourceTree = "<group>"; };
		6ECEBD5B1A3DDB44005A9250 /* CoreAudio.framework */ = {isa = PBXFileReference; lastKnownFileType = wrapper.framework; name = CoreAudio.framework; path = System/Library/Frameworks/CoreAudio.framework; sourceTree = SDKROOT; };
		6ECEBD5D1A3DDB50005A9250 /* CoreMIDI.framework */ = {isa = PBXFileReference; lastKnownFileType = wrapper.framework; name = CoreMIDI.framework; path = System/Library/Frameworks/CoreMIDI.framework; sourceTree = SDKROOT; };
		6ECEBD5F1A3DDB63005A9250 /* AVFoundation.framework */ = {isa = PBXFileReference; lastKnownFileType = wrapper.framework; name = AVFoundation.framework; path = System/Library/Frameworks/AVFoundation.framework; sourceTree = SDKROOT; };
		6EE06D7C1A61161C003CDF38 /* ChooseHardWareController.h */ = {isa = PBXFileReference; fileEncoding = 4; lastKnownFileType = sourcecode.c.h; path = ChooseHardWareController.h; sourceTree = "<group>"; };
		6EE06D7D1A61161C003CDF38 /* ChooseHardWareController.m */ = {isa = PBXFileReference; fileEncoding = 4; lastKnownFileType = sourcecode.c.objc; path = ChooseHardWareController.m; sourceTree = "<group>"; };
		6EE06D7F1A6116CD003CDF38 /* SimulatorHardWareController.h */ = {isa = PBXFileReference; fileEncoding = 4; lastKnownFileType = sourcecode.c.h; path = SimulatorHardWareController.h; sourceTree = "<group>"; };
		6EE06D801A6116CD003CDF38 /* SimulatorHardWareController.m */ = {isa = PBXFileReference; fileEncoding = 4; lastKnownFileType = sourcecode.c.objc; path = SimulatorHardWareController.m; sourceTree = "<group>"; };
		6EE06D821A611A36003CDF38 /* ChoosePlayerController.h */ = {isa = PBXFileReference; fileEncoding = 4; lastKnownFileType = sourcecode.c.h; path = ChoosePlayerController.h; sourceTree = "<group>"; };
		6EE06D831A611A36003CDF38 /* ChoosePlayerController.m */ = {isa = PBXFileReference; fileEncoding = 4; lastKnownFileType = sourcecode.c.objc; path = ChoosePlayerController.m; sourceTree = "<group>"; };
		6EE06D851A611CA3003CDF38 /* CommunicationController.h */ = {isa = PBXFileReference; fileEncoding = 4; lastKnownFileType = sourcecode.c.h; path = CommunicationController.h; sourceTree = "<group>"; };
		6EE06D861A611CA3003CDF38 /* CommunicationController.m */ = {isa = PBXFileReference; fileEncoding = 4; lastKnownFileType = sourcecode.c.objc; path = CommunicationController.m; sourceTree = "<group>"; };
		6EE06D8B1A614C87003CDF38 /* PrefixHeader.pch */ = {isa = PBXFileReference; lastKnownFileType = sourcecode.c.h; path = PrefixHeader.pch; sourceTree = "<group>"; };
		6EE472351A623AB20046287F /* AsyncSocket.h */ = {isa = PBXFileReference; fileEncoding = 4; lastKnownFileType = sourcecode.c.h; path = AsyncSocket.h; sourceTree = "<group>"; };
		6EE472361A623AB20046287F /* AsyncSocket.m */ = {isa = PBXFileReference; fileEncoding = 4; lastKnownFileType = sourcecode.c.objc; path = AsyncSocket.m; sourceTree = "<group>"; };
		6EE472371A623AB20046287F /* AsyncUdpSocket.h */ = {isa = PBXFileReference; fileEncoding = 4; lastKnownFileType = sourcecode.c.h; path = AsyncUdpSocket.h; sourceTree = "<group>"; };
		6EE472381A623AB20046287F /* AsyncUdpSocket.m */ = {isa = PBXFileReference; fileEncoding = 4; lastKnownFileType = sourcecode.c.objc; path = AsyncUdpSocket.m; sourceTree = "<group>"; };
		6EF2B7451A67F51600D93862 /* AudioToolbox.framework */ = {isa = PBXFileReference; lastKnownFileType = wrapper.framework; name = AudioToolbox.framework; path = System/Library/Frameworks/AudioToolbox.framework; sourceTree = SDKROOT; };
		6EF2B7471A67F58100D93862 /* A.wav */ = {isa = PBXFileReference; lastKnownFileType = audio.wav; path = A.wav; sourceTree = "<group>"; };
		6EF2B7481A67F58100D93862 /* B.wav */ = {isa = PBXFileReference; lastKnownFileType = audio.wav; path = B.wav; sourceTree = "<group>"; };
		6EF2B7491A67F58100D93862 /* C.wav */ = {isa = PBXFileReference; lastKnownFileType = audio.wav; path = C.wav; sourceTree = "<group>"; };
		6EF2B74A1A67F58100D93862 /* D.wav */ = {isa = PBXFileReference; lastKnownFileType = audio.wav; path = D.wav; sourceTree = "<group>"; };
/* End PBXFileReference section */

/* Begin PBXFrameworksBuildPhase section */
		6ECEBD2C1A3DD029005A9250 /* Frameworks */ = {
			isa = PBXFrameworksBuildPhase;
			buildActionMask = 2147483647;
			files = (
				6EF2B7461A67F51600D93862 /* AudioToolbox.framework in Frameworks */,
				6ECEBD5E1A3DDB50005A9250 /* CoreMIDI.framework in Frameworks */,
			);
			runOnlyForDeploymentPostprocessing = 0;
		};
		6ECEBD451A3DD029005A9250 /* Frameworks */ = {
			isa = PBXFrameworksBuildPhase;
			buildActionMask = 2147483647;
			files = (
			);
			runOnlyForDeploymentPostprocessing = 0;
		};
/* End PBXFrameworksBuildPhase section */

/* Begin PBXGroup section */
		6ECEBD261A3DD029005A9250 = {
			isa = PBXGroup;
			children = (
				6ECEBD311A3DD029005A9250 /* MIDIDemo */,
				6ECEBD4B1A3DD029005A9250 /* MIDIDemoTests */,
				6ECEBD301A3DD029005A9250 /* Products */,
			);
			sourceTree = "<group>";
		};
		6ECEBD301A3DD029005A9250 /* Products */ = {
			isa = PBXGroup;
			children = (
				6ECEBD2F1A3DD029005A9250 /* MIDIDemo.app */,
				6ECEBD481A3DD029005A9250 /* MIDIDemoTests.xctest */,
			);
			name = Products;
			sourceTree = "<group>";
		};
		6ECEBD311A3DD029005A9250 /* MIDIDemo */ = {
			isa = PBXGroup;
			children = (
				6ECEBD361A3DD029005A9250 /* AppDelegate.h */,
				6ECEBD371A3DD029005A9250 /* AppDelegate.m */,
				6EE06D7C1A61161C003CDF38 /* ChooseHardWareController.h */,
				6EE06D7D1A61161C003CDF38 /* ChooseHardWareController.m */,
				6EE06D7F1A6116CD003CDF38 /* SimulatorHardWareController.h */,
				6EE06D801A6116CD003CDF38 /* SimulatorHardWareController.m */,
				6EE06D821A611A36003CDF38 /* ChoosePlayerController.h */,
				6EE06D831A611A36003CDF38 /* ChoosePlayerController.m */,
				6EE06D851A611CA3003CDF38 /* CommunicationController.h */,
				6EE06D861A611CA3003CDF38 /* CommunicationController.m */,
				6ECEBD3C1A3DD029005A9250 /* Main.storyboard */,
				6ECEBD3F1A3DD029005A9250 /* Images.xcassets */,
				6ECEBD411A3DD029005A9250 /* LaunchScreen.xib */,
				6ECEBD321A3DD029005A9250 /* Supporting Files */,
			);
			path = MIDIDemo;
			sourceTree = "<group>";
		};
		6ECEBD321A3DD029005A9250 /* Supporting Files */ = {
			isa = PBXGroup;
			children = (
				6EF2B7451A67F51600D93862 /* AudioToolbox.framework */,
				6EF2B7471A67F58100D93862 /* A.wav */,
				6EF2B7481A67F58100D93862 /* B.wav */,
				6EF2B7491A67F58100D93862 /* C.wav */,
				6EF2B74A1A67F58100D93862 /* D.wav */,
				6EE4723B1A623ABF0046287F /* CocoaAsyncSocket */,
				6ECEBD5F1A3DDB63005A9250 /* AVFoundation.framework */,
				6ECEBD5D1A3DDB50005A9250 /* CoreMIDI.framework */,
				6ECEBD5B1A3DDB44005A9250 /* CoreAudio.framework */,
				6ECEBD331A3DD029005A9250 /* Info.plist */,
				6ECEBD341A3DD029005A9250 /* main.m */,
				6EE06D8B1A614C87003CDF38 /* PrefixHeader.pch */,
			);
			name = "Supporting Files";
			sourceTree = "<group>";
		};
		6ECEBD4B1A3DD029005A9250 /* MIDIDemoTests */ = {
			isa = PBXGroup;
			children = (
				6ECEBD4E1A3DD029005A9250 /* MIDIDemoTests.m */,
				6ECEBD4C1A3DD029005A9250 /* Supporting Files */,
			);
			path = MIDIDemoTests;
			sourceTree = "<group>";
		};
		6ECEBD4C1A3DD029005A9250 /* Supporting Files */ = {
			isa = PBXGroup;
			children = (
				6ECEBD4D1A3DD029005A9250 /* Info.plist */,
			);
			name = "Supporting Files";
			sourceTree = "<group>";
		};
		6EE4723B1A623ABF0046287F /* CocoaAsyncSocket */ = {
			isa = PBXGroup;
			children = (
				6EE472351A623AB20046287F /* AsyncSocket.h */,
				6EE472361A623AB20046287F /* AsyncSocket.m */,
				6EE472371A623AB20046287F /* AsyncUdpSocket.h */,
				6EE472381A623AB20046287F /* AsyncUdpSocket.m */,
			);
			name = CocoaAsyncSocket;
			sourceTree = "<group>";
		};
/* End PBXGroup section */

/* Begin PBXNativeTarget section */
		6ECEBD2E1A3DD029005A9250 /* MIDIDemo */ = {
			isa = PBXNativeTarget;
			buildConfigurationList = 6ECEBD521A3DD029005A9250 /* Build configuration list for PBXNativeTarget "MIDIDemo" */;
			buildPhases = (
				6ECEBD2B1A3DD029005A9250 /* Sources */,
				6ECEBD2C1A3DD029005A9250 /* Frameworks */,
				6ECEBD2D1A3DD029005A9250 /* Resources */,
			);
			buildRules = (
			);
			dependencies = (
			);
			name = MIDIDemo;
			productName = MIDIDemo;
			productReference = 6ECEBD2F1A3DD029005A9250 /* MIDIDemo.app */;
			productType = "com.apple.product-type.application";
		};
		6ECEBD471A3DD029005A9250 /* MIDIDemoTests */ = {
			isa = PBXNativeTarget;
			buildConfigurationList = 6ECEBD551A3DD029005A9250 /* Build configuration list for PBXNativeTarget "MIDIDemoTests" */;
			buildPhases = (
				6ECEBD441A3DD029005A9250 /* Sources */,
				6ECEBD451A3DD029005A9250 /* Frameworks */,
				6ECEBD461A3DD029005A9250 /* Resources */,
			);
			buildRules = (
			);
			dependencies = (
				6ECEBD4A1A3DD029005A9250 /* PBXTargetDependency */,
			);
			name = MIDIDemoTests;
			productName = MIDIDemoTests;
			productReference = 6ECEBD481A3DD029005A9250 /* MIDIDemoTests.xctest */;
			productType = "com.apple.product-type.bundle.unit-test";
		};
/* End PBXNativeTarget section */

/* Begin PBXProject section */
		6ECEBD271A3DD029005A9250 /* Project object */ = {
			isa = PBXProject;
			attributes = {
				LastUpgradeCheck = 0610;
				ORGANIZATIONNAME = "赵立波";
				TargetAttributes = {
					6ECEBD2E1A3DD029005A9250 = {
						CreatedOnToolsVersion = 6.1.1;
						DevelopmentTeam = RSXSFANAY7;
						SystemCapabilities = {
							com.apple.InterAppAudio = {
								enabled = 0;
							};
						};
					};
					6ECEBD471A3DD029005A9250 = {
						CreatedOnToolsVersion = 6.1.1;
						TestTargetID = 6ECEBD2E1A3DD029005A9250;
					};
				};
			};
			buildConfigurationList = 6ECEBD2A1A3DD029005A9250 /* Build configuration list for PBXProject "MIDIDemo" */;
			compatibilityVersion = "Xcode 3.2";
			developmentRegion = English;
			hasScannedForEncodings = 0;
			knownRegions = (
				en,
				Base,
			);
			mainGroup = 6ECEBD261A3DD029005A9250;
			productRefGroup = 6ECEBD301A3DD029005A9250 /* Products */;
			projectDirPath = "";
			projectRoot = "";
			targets = (
				6ECEBD2E1A3DD029005A9250 /* MIDIDemo */,
				6ECEBD471A3DD029005A9250 /* MIDIDemoTests */,
			);
		};
/* End PBXProject section */

/* Begin PBXResourcesBuildPhase section */
		6ECEBD2D1A3DD029005A9250 /* Resources */ = {
			isa = PBXResourcesBuildPhase;
			buildActionMask = 2147483647;
			files = (
				6EF2B74C1A67F58100D93862 /* B.wav in Resources */,
				6EF2B74B1A67F58100D93862 /* A.wav in Resources */,
				6ECEBD3E1A3DD029005A9250 /* Main.storyboard in Resources */,
				6EF2B74E1A67F58100D93862 /* D.wav in Resources */,
				6ECEBD431A3DD029005A9250 /* LaunchScreen.xib in Resources */,
				6EF2B74D1A67F58100D93862 /* C.wav in Resources */,
				6ECEBD401A3DD029005A9250 /* Images.xcassets in Resources */,
			);
			runOnlyForDeploymentPostprocessing = 0;
		};
		6ECEBD461A3DD029005A9250 /* Resources */ = {
			isa = PBXResourcesBuildPhase;
			buildActionMask = 2147483647;
			files = (
			);
			runOnlyForDeploymentPostprocessing = 0;
		};
/* End PBXResourcesBuildPhase section */

/* Begin PBXSourcesBuildPhase section */
		6ECEBD2B1A3DD029005A9250 /* Sources */ = {
			isa = PBXSourcesBuildPhase;
			buildActionMask = 2147483647;
			files = (
				6EE06D7E1A61161C003CDF38 /* ChooseHardWareController.m in Sources */,
				6ECEBD381A3DD029005A9250 /* AppDelegate.m in Sources */,
				6EE06D871A611CA3003CDF38 /* CommunicationController.m in Sources */,
				6EE4723A1A623AB20046287F /* AsyncUdpSocket.m in Sources */,
				6EE06D811A6116CD003CDF38 /* SimulatorHardWareController.m in Sources */,
				6ECEBD351A3DD029005A9250 /* main.m in Sources */,
				6EE06D841A611A36003CDF38 /* ChoosePlayerController.m in Sources */,
				6EE472391A623AB20046287F /* AsyncSocket.m in Sources */,
			);
			runOnlyForDeploymentPostprocessing = 0;
		};
		6ECEBD441A3DD029005A9250 /* Sources */ = {
			isa = PBXSourcesBuildPhase;
			buildActionMask = 2147483647;
			files = (
				6ECEBD4F1A3DD029005A9250 /* MIDIDemoTests.m in Sources */,
			);
			runOnlyForDeploymentPostprocessing = 0;
		};
/* End PBXSourcesBuildPhase section */

/* Begin PBXTargetDependency section */
		6ECEBD4A1A3DD029005A9250 /* PBXTargetDependency */ = {
			isa = PBXTargetDependency;
			target = 6ECEBD2E1A3DD029005A9250 /* MIDIDemo */;
			targetProxy = 6ECEBD491A3DD029005A9250 /* PBXContainerItemProxy */;
		};
/* End PBXTargetDependency section */

/* Begin PBXVariantGroup section */
		6ECEBD3C1A3DD029005A9250 /* Main.storyboard */ = {
			isa = PBXVariantGroup;
			children = (
				6ECEBD3D1A3DD029005A9250 /* Base */,
			);
			name = Main.storyboard;
			sourceTree = "<group>";
		};
		6ECEBD411A3DD029005A9250 /* LaunchScreen.xib */ = {
			isa = PBXVariantGroup;
			children = (
				6ECEBD421A3DD029005A9250 /* Base */,
			);
			name = LaunchScreen.xib;
			sourceTree = "<group>";
		};
/* End PBXVariantGroup section */

/* Begin XCBuildConfiguration section */
		6ECEBD501A3DD029005A9250 /* Debug */ = {
			isa = XCBuildConfiguration;
			buildSettings = {
				ALWAYS_SEARCH_USER_PATHS = NO;
				CLANG_CXX_LANGUAGE_STANDARD = "gnu++0x";
				CLANG_CXX_LIBRARY = "libc++";
				CLANG_ENABLE_MODULES = YES;
				CLANG_ENABLE_OBJC_ARC = YES;
				CLANG_WARN_BOOL_CONVERSION = YES;
				CLANG_WARN_CONSTANT_CONVERSION = YES;
				CLANG_WARN_DIRECT_OBJC_ISA_USAGE = YES_ERROR;
				CLANG_WARN_EMPTY_BODY = YES;
				CLANG_WARN_ENUM_CONVERSION = YES;
				CLANG_WARN_INT_CONVERSION = YES;
				CLANG_WARN_OBJC_ROOT_CLASS = YES_ERROR;
				CLANG_WARN_UNREACHABLE_CODE = YES;
				CLANG_WARN__DUPLICATE_METHOD_MATCH = YES;
				"CODE_SIGN_IDENTITY[sdk=iphoneos*]" = "iPhone Developer";
				COPY_PHASE_STRIP = NO;
				ENABLE_STRICT_OBJC_MSGSEND = YES;
				GCC_C_LANGUAGE_STANDARD = gnu99;
				GCC_DYNAMIC_NO_PIC = NO;
				GCC_OPTIMIZATION_LEVEL = 0;
				GCC_PREPROCESSOR_DEFINITIONS = (
					"DEBUG=1",
					"$(inherited)",
				);
				GCC_SYMBOLS_PRIVATE_EXTERN = NO;
				GCC_WARN_64_TO_32_BIT_CONVERSION = YES;
				GCC_WARN_ABOUT_RETURN_TYPE = YES_ERROR;
				GCC_WARN_UNDECLARED_SELECTOR = YES;
				GCC_WARN_UNINITIALIZED_AUTOS = YES_AGGRESSIVE;
				GCC_WARN_UNUSED_FUNCTION = YES;
				GCC_WARN_UNUSED_VARIABLE = YES;
				IPHONEOS_DEPLOYMENT_TARGET = 8.1;
				MTL_ENABLE_DEBUG_INFO = YES;
				ONLY_ACTIVE_ARCH = YES;
				SDKROOT = iphoneos;
				TARGETED_DEVICE_FAMILY = "1,2";
			};
			name = Debug;
		};
		6ECEBD511A3DD029005A9250 /* Release */ = {
			isa = XCBuildConfiguration;
			buildSettings = {
				ALWAYS_SEARCH_USER_PATHS = NO;
				CLANG_CXX_LANGUAGE_STANDARD = "gnu++0x";
				CLANG_CXX_LIBRARY = "libc++";
				CLANG_ENABLE_MODULES = YES;
				CLANG_ENABLE_OBJC_ARC = YES;
				CLANG_WARN_BOOL_CONVERSION = YES;
				CLANG_WARN_CONSTANT_CONVERSION = YES;
				CLANG_WARN_DIRECT_OBJC_ISA_USAGE = YES_ERROR;
				CLANG_WARN_EMPTY_BODY = YES;
				CLANG_WARN_ENUM_CONVERSION = YES;
				CLANG_WARN_INT_CONVERSION = YES;
				CLANG_WARN_OBJC_ROOT_CLASS = YES_ERROR;
				CLANG_WARN_UNREACHABLE_CODE = YES;
				CLANG_WARN__DUPLICATE_METHOD_MATCH = YES;
				"CODE_SIGN_IDENTITY[sdk=iphoneos*]" = "iPhone Developer";
				COPY_PHASE_STRIP = YES;
				ENABLE_NS_ASSERTIONS = NO;
				ENABLE_STRICT_OBJC_MSGSEND = YES;
				GCC_C_LANGUAGE_STANDARD = gnu99;
				GCC_WARN_64_TO_32_BIT_CONVERSION = YES;
				GCC_WARN_ABOUT_RETURN_TYPE = YES_ERROR;
				GCC_WARN_UNDECLARED_SELECTOR = YES;
				GCC_WARN_UNINITIALIZED_AUTOS = YES_AGGRESSIVE;
				GCC_WARN_UNUSED_FUNCTION = YES;
				GCC_WARN_UNUSED_VARIABLE = YES;
				IPHONEOS_DEPLOYMENT_TARGET = 8.1;
				MTL_ENABLE_DEBUG_INFO = NO;
				SDKROOT = iphoneos;
				TARGETED_DEVICE_FAMILY = "1,2";
				VALIDATE_PRODUCT = YES;
			};
			name = Release;
		};
		6ECEBD531A3DD029005A9250 /* Debug */ = {
			isa = XCBuildConfiguration;
			buildSettings = {
				ASSETCATALOG_COMPILER_APPICON_NAME = AppIcon;
				CODE_SIGN_IDENTITY = "iPhone Developer";
				"CODE_SIGN_IDENTITY[sdk=iphoneos*]" = "iPhone Developer";
				GCC_PRECOMPILE_PREFIX_HEADER = YES;
				GCC_PREFIX_HEADER = MIDIDemo/PrefixHeader.pch;
				INFOPLIST_FILE = MIDIDemo/Info.plist;
				LD_RUNPATH_SEARCH_PATHS = "$(inherited) @executable_path/Frameworks";
				PRODUCT_NAME = "$(TARGET_NAME)";
				PROVISIONING_PROFILE = "";
			};
			name = Debug;
		};
		6ECEBD541A3DD029005A9250 /* Release */ = {
			isa = XCBuildConfiguration;
			buildSettings = {
				ASSETCATALOG_COMPILER_APPICON_NAME = AppIcon;
				CODE_SIGN_IDENTITY = "iPhone Developer";
				"CODE_SIGN_IDENTITY[sdk=iphoneos*]" = "iPhone Developer";
				GCC_PRECOMPILE_PREFIX_HEADER = YES;
				GCC_PREFIX_HEADER = MIDIDemo/PrefixHeader.pch;
				INFOPLIST_FILE = MIDIDemo/Info.plist;
				LD_RUNPATH_SEARCH_PATHS = "$(inherited) @executable_path/Frameworks";
				PRODUCT_NAME = "$(TARGET_NAME)";
				PROVISIONING_PROFILE = "";
			};
			name = Release;
		};
		6ECEBD561A3DD029005A9250 /* Debug */ = {
			isa = XCBuildConfiguration;
			buildSettings = {
				BUNDLE_LOADER = "$(TEST_HOST)";
				FRAMEWORK_SEARCH_PATHS = (
					"$(SDKROOT)/Developer/Library/Frameworks",
					"$(inherited)",
				);
				GCC_PREPROCESSOR_DEFINITIONS = (
					"DEBUG=1",
					"$(inherited)",
				);
				INFOPLIST_FILE = MIDIDemoTests/Info.plist;
				LD_RUNPATH_SEARCH_PATHS = "$(inherited) @executable_path/Frameworks @loader_path/Frameworks";
				PRODUCT_NAME = "$(TARGET_NAME)";
				TEST_HOST = "$(BUILT_PRODUCTS_DIR)/MIDIDemo.app/MIDIDemo";
			};
			name = Debug;
		};
		6ECEBD571A3DD029005A9250 /* Release */ = {
			isa = XCBuildConfiguration;
			buildSettings = {
				BUNDLE_LOADER = "$(TEST_HOST)";
				FRAMEWORK_SEARCH_PATHS = (
					"$(SDKROOT)/Developer/Library/Frameworks",
					"$(inherited)",
				);
				INFOPLIST_FILE = MIDIDemoTests/Info.plist;
				LD_RUNPATH_SEARCH_PATHS = "$(inherited) @executable_path/Frameworks @loader_path/Frameworks";
				PRODUCT_NAME = "$(TARGET_NAME)";
				TEST_HOST = "$(BUILT_PRODUCTS_DIR)/MIDIDemo.app/MIDIDemo";
			};
			name = Release;
		};
/* End XCBuildConfiguration section */

/* Begin XCConfigurationList section */
		6ECEBD2A1A3DD029005A9250 /* Build configuration list for PBXProject "MIDIDemo" */ = {
			isa = XCConfigurationList;
			buildConfigurations = (
				6ECEBD501A3DD029005A9250 /* Debug */,
				6ECEBD511A3DD029005A9250 /* Release */,
			);
			defaultConfigurationIsVisible = 0;
			defaultConfigurationName = Release;
		};
		6ECEBD521A3DD029005A9250 /* Build configuration list for PBXNativeTarget "MIDIDemo" */ = {
			isa = XCConfigurationList;
			buildConfigurations = (
				6ECEBD531A3DD029005A9250 /* Debug */,
				6ECEBD541A3DD029005A9250 /* Release */,
			);
			defaultConfigurationIsVisible = 0;
			defaultConfigurationName = Release;
		};
		6ECEBD551A3DD029005A9250 /* Build configuration list for PBXNativeTarget "MIDIDemoTests" */ = {
			isa = XCConfigurationList;
			buildConfigurations = (
				6ECEBD561A3DD029005A9250 /* Debug */,
				6ECEBD571A3DD029005A9250 /* Release */,
			);
			defaultConfigurationIsVisible = 0;
			defaultConfigurationName = Release;
		};
/* End XCConfigurationList section */
	};
	rootObject = 6ECEBD271A3DD029005A9250 /* Project object */;
}
